// !$*UTF8*$!
{
	archiveVersion = 1;
	classes = {
	};
	objectVersion = 46;
	objects = {

/* Begin PBXBuildFile section */
		087F279719E2294F00A6698A /* main.m in Sources */ = {isa = PBXBuildFile; fileRef = 087F279619E2294F00A6698A /* main.m */; };
		087F279A19E2294F00A6698A /* AppDelegate.m in Sources */ = {isa = PBXBuildFile; fileRef = 087F279919E2294F00A6698A /* AppDelegate.m */; };
		087F279D19E2294F00A6698A /* TableHeaderViewController.m in Sources */ = {isa = PBXBuildFile; fileRef = 087F279C19E2294F00A6698A /* TableHeaderViewController.m */; };
		087F27A019E2294F00A6698A /* Main.storyboard in Resources */ = {isa = PBXBuildFile; fileRef = 087F279E19E2294F00A6698A /* Main.storyboard */; };
		087F27A219E2294F00A6698A /* Images.xcassets in Resources */ = {isa = PBXBuildFile; fileRef = 087F27A119E2294F00A6698A /* Images.xcassets */; };
		087F27A519E2294F00A6698A /* LaunchScreen.xib in Resources */ = {isa = PBXBuildFile; fileRef = 087F27A319E2294F00A6698A /* LaunchScreen.xib */; };
		087F27B119E2294F00A6698A /* FlexibleTableHeaderTests.m in Sources */ = {isa = PBXBuildFile; fileRef = 087F27B019E2294F00A6698A /* FlexibleTableHeaderTests.m */; };
		0892615E19EA087C0019BBA1 /* FirstPageViewController.m in Sources */ = {isa = PBXBuildFile; fileRef = 0892615D19EA087C0019BBA1 /* FirstPageViewController.m */; };
		0892616119EB2E600019BBA1 /* LabelWrappingSuperView.m in Sources */ = {isa = PBXBuildFile; fileRef = 0892616019EB2E600019BBA1 /* LabelWrappingSuperView.m */; };
		0892616A19EB8C2E0019BBA1 /* TableLabelWrappingView.m in Sources */ = {isa = PBXBuildFile; fileRef = 0892616919EB8C2E0019BBA1 /* TableLabelWrappingView.m */; };
/* End PBXBuildFile section */

/* Begin PBXContainerItemProxy section */
		087F27AB19E2294F00A6698A /* PBXContainerItemProxy */ = {
			isa = PBXContainerItemProxy;
			containerPortal = 087F278919E2294F00A6698A /* Project object */;
			proxyType = 1;
			remoteGlobalIDString = 087F279019E2294F00A6698A;
			remoteInfo = FlexibleTableHeader;
		};
/* End PBXContainerItemProxy section */

/* Begin PBXFileReference section */
		087F279119E2294F00A6698A /* FlexibleTableHeader.app */ = {isa = PBXFileReference; explicitFileType = wrapper.application; includeInIndex = 0; path = FlexibleTableHeader.app; sourceTree = BUILT_PRODUCTS_DIR; };
		087F279519E2294F00A6698A /* Info.plist */ = {isa = PBXFileReference; lastKnownFileType = text.plist.xml; path = Info.plist; sourceTree = "<group>"; };
		087F279619E2294F00A6698A /* main.m */ = {isa = PBXFileReference; lastKnownFileType = sourcecode.c.objc; path = main.m; sourceTree = "<group>"; };
		087F279819E2294F00A6698A /* AppDelegate.h */ = {isa = PBXFileReference; lastKnownFileType = sourcecode.c.h; path = AppDelegate.h; sourceTree = "<group>"; };
		087F279919E2294F00A6698A /* AppDelegate.m */ = {isa = PBXFileReference; lastKnownFileType = sourcecode.c.objc; path = AppDelegate.m; sourceTree = "<group>"; };
		087F279B19E2294F00A6698A /* TableHeaderViewController.h */ = {isa = PBXFileReference; lastKnownFileType = sourcecode.c.h; path = TableHeaderViewController.h; sourceTree = "<group>"; };
		087F279C19E2294F00A6698A /* TableHeaderViewController.m */ = {isa = PBXFileReference; lastKnownFileType = sourcecode.c.objc; path = TableHeaderViewController.m; sourceTree = "<group>"; };
		087F279F19E2294F00A6698A /* Base */ = {isa = PBXFileReference; lastKnownFileType = file.storyboard; name = Base; path = Base.lproj/Main.storyboard; sourceTree = "<group>"; };
		087F27A119E2294F00A6698A /* Images.xcassets */ = {isa = PBXFileReference; lastKnownFileType = folder.assetcatalog; path = Images.xcassets; sourceTree = "<group>"; };
		087F27A419E2294F00A6698A /* Base */ = {isa = PBXFileReference; lastKnownFileType = file.xib; name = Base; path = Base.lproj/LaunchScreen.xib; sourceTree = "<group>"; };
		087F27AA19E2294F00A6698A /* FlexibleTableHeaderTests.xctest */ = {isa = PBXFileReference; explicitFileType = wrapper.cfbundle; includeInIndex = 0; path = FlexibleTableHeaderTests.xctest; sourceTree = BUILT_PRODUCTS_DIR; };
		087F27AF19E2294F00A6698A /* Info.plist */ = {isa = PBXFileReference; lastKnownFileType = text.plist.xml; path = Info.plist; sourceTree = "<group>"; };
		087F27B019E2294F00A6698A /* FlexibleTableHeaderTests.m */ = {isa = PBXFileReference; lastKnownFileType = sourcecode.c.objc; path = FlexibleTableHeaderTests.m; sourceTree = "<group>"; };
		0892615C19EA087C0019BBA1 /* FirstPageViewController.h */ = {isa = PBXFileReference; fileEncoding = 4; lastKnownFileType = sourcecode.c.h; path = FirstPageViewController.h; sourceTree = "<group>"; };
		0892615D19EA087C0019BBA1 /* FirstPageViewController.m */ = {isa = PBXFileReference; fileEncoding = 4; lastKnownFileType = sourcecode.c.objc; path = FirstPageViewController.m; sourceTree = "<group>"; };
		0892615F19EB2E600019BBA1 /* LabelWrappingSuperView.h */ = {isa = PBXFileReference; fileEncoding = 4; lastKnownFileType = sourcecode.c.h; path = LabelWrappingSuperView.h; sourceTree = "<group>"; };
		0892616019EB2E600019BBA1 /* LabelWrappingSuperView.m */ = {isa = PBXFileReference; fileEncoding = 4; lastKnownFileType = sourcecode.c.objc; path = LabelWrappingSuperView.m; sourceTree = "<group>"; };
		0892616819EB8C2E0019BBA1 /* TableLabelWrappingView.h */ = {isa = PBXFileReference; fileEncoding = 4; lastKnownFileType = sourcecode.c.h; path = TableLabelWrappingView.h; sourceTree = "<group>"; };
		0892616919EB8C2E0019BBA1 /* TableLabelWrappingView.m */ = {isa = PBXFileReference; fileEncoding = 4; lastKnownFileType = sourcecode.c.objc; path = TableLabelWrappingView.m; sourceTree = "<group>"; };
/* End PBXFileReference section */

/* Begin PBXFrameworksBuildPhase section */
		087F278E19E2294F00A6698A /* Frameworks */ = {
			isa = PBXFrameworksBuildPhase;
			buildActionMask = 2147483647;
			files = (
			);
			runOnlyForDeploymentPostprocessing = 0;
		};
		087F27A719E2294F00A6698A /* Frameworks */ = {
			isa = PBXFrameworksBuildPhase;
			buildActionMask = 2147483647;
			files = (
			);
			runOnlyForDeploymentPostprocessing = 0;
		};
/* End PBXFrameworksBuildPhase section */

/* Begin PBXGroup section */
		087F278819E2294F00A6698A = {
			isa = PBXGroup;
			children = (
				087F279319E2294F00A6698A /* FlexibleTableHeader */,
				087F27AD19E2294F00A6698A /* FlexibleTableHeaderTests */,
				087F279219E2294F00A6698A /* Products */,
			);
			sourceTree = "<group>";
		};
		087F279219E2294F00A6698A /* Products */ = {
			isa = PBXGroup;
			children = (
				087F279119E2294F00A6698A /* FlexibleTableHeader.app */,
				087F27AA19E2294F00A6698A /* FlexibleTableHeaderTests.xctest */,
			);
			name = Products;
			sourceTree = "<group>";
		};
		087F279319E2294F00A6698A /* FlexibleTableHeader */ = {
			isa = PBXGroup;
			children = (
				087F279819E2294F00A6698A /* AppDelegate.h */,
				087F279919E2294F00A6698A /* AppDelegate.m */,
				087F279E19E2294F00A6698A /* Main.storyboard */,
				0892616519EB8ADE0019BBA1 /* First Page */,
				0892616619EB8AEE0019BBA1 /* Table Header View Expansion */,
				087F27A119E2294F00A6698A /* Images.xcassets */,
				087F27A319E2294F00A6698A /* LaunchScreen.xib */,
				087F279419E2294F00A6698A /* Supporting Files */,
			);
			path = FlexibleTableHeader;
			sourceTree = "<group>";
		};
		087F279419E2294F00A6698A /* Supporting Files */ = {
			isa = PBXGroup;
			children = (
				087F279519E2294F00A6698A /* Info.plist */,
				087F279619E2294F00A6698A /* main.m */,
			);
			name = "Supporting Files";
			sourceTree = "<group>";
		};
		087F27AD19E2294F00A6698A /* FlexibleTableHeaderTests */ = {
			isa = PBXGroup;
			children = (
				087F27B019E2294F00A6698A /* FlexibleTableHeaderTests.m */,
				087F27AE19E2294F00A6698A /* Supporting Files */,
			);
			path = FlexibleTableHeaderTests;
			sourceTree = "<group>";
		};
		087F27AE19E2294F00A6698A /* Supporting Files */ = {
			isa = PBXGroup;
			children = (
				087F27AF19E2294F00A6698A /* Info.plist */,
			);
			name = "Supporting Files";
			sourceTree = "<group>";
		};
		0892616519EB8ADE0019BBA1 /* First Page */ = {
			isa = PBXGroup;
			children = (
				0892615F19EB2E600019BBA1 /* LabelWrappingSuperView.h */,
				0892616019EB2E600019BBA1 /* LabelWrappingSuperView.m */,
				0892615C19EA087C0019BBA1 /* FirstPageViewController.h */,
				0892615D19EA087C0019BBA1 /* FirstPageViewController.m */,
			);
			name = "First Page";
			sourceTree = "<group>";
		};
		0892616619EB8AEE0019BBA1 /* Table Header View Expansion */ = {
			isa = PBXGroup;
			children = (
				087F279B19E2294F00A6698A /* TableHeaderViewController.h */,
				087F279C19E2294F00A6698A /* TableHeaderViewController.m */,
				0892616819EB8C2E0019BBA1 /* TableLabelWrappingView.h */,
				0892616919EB8C2E0019BBA1 /* TableLabelWrappingView.m */,
			);
			name = "Table Header View Expansion";
			sourceTree = "<group>";
		};
/* End PBXGroup section */

/* Begin PBXNativeTarget section */
		087F279019E2294F00A6698A /* FlexibleTableHeader */ = {
			isa = PBXNativeTarget;
			buildConfigurationList = 087F27B419E2294F00A6698A /* Build configuration list for PBXNativeTarget "FlexibleTableHeader" */;
			buildPhases = (
				087F278D19E2294F00A6698A /* Sources */,
				087F278E19E2294F00A6698A /* Frameworks */,
				087F278F19E2294F00A6698A /* Resources */,
			);
			buildRules = (
			);
			dependencies = (
			);
			name = FlexibleTableHeader;
			productName = FlexibleTableHeader;
			productReference = 087F279119E2294F00A6698A /* FlexibleTableHeader.app */;
			productType = "com.apple.product-type.application";
		};
		087F27A919E2294F00A6698A /* FlexibleTableHeaderTests */ = {
			isa = PBXNativeTarget;
			buildConfigurationList = 087F27B719E2294F00A6698A /* Build configuration list for PBXNativeTarget "FlexibleTableHeaderTests" */;
			buildPhases = (
				087F27A619E2294F00A6698A /* Sources */,
				087F27A719E2294F00A6698A /* Frameworks */,
				087F27A819E2294F00A6698A /* Resources */,
			);
			buildRules = (
			);
			dependencies = (
				087F27AC19E2294F00A6698A /* PBXTargetDependency */,
			);
			name = FlexibleTableHeaderTests;
			productName = FlexibleTableHeaderTests;
			productReference = 087F27AA19E2294F00A6698A /* FlexibleTableHeaderTests.xctest */;
			productType = "com.apple.product-type.bundle.unit-test";
		};
/* End PBXNativeTarget section */

/* Begin PBXProject section */
		087F278919E2294F00A6698A /* Project object */ = {
			isa = PBXProject;
			attributes = {
				LastUpgradeCheck = 0600;
				ORGANIZATIONNAME = "Safe Allergy";
				TargetAttributes = {
					087F279019E2294F00A6698A = {
						CreatedOnToolsVersion = 6.0.1;
					};
					087F27A919E2294F00A6698A = {
						CreatedOnToolsVersion = 6.0.1;
						TestTargetID = 087F279019E2294F00A6698A;
					};
				};
			};
			buildConfigurationList = 087F278C19E2294F00A6698A /* Build configuration list for PBXProject "FlexibleTableHeader" */;
			compatibilityVersion = "Xcode 3.2";
			developmentRegion = English;
			hasScannedForEncodings = 0;
			knownRegions = (
				en,
				Base,
			);
			mainGroup = 087F278819E2294F00A6698A;
			productRefGroup = 087F279219E2294F00A6698A /* Products */;
			projectDirPath = "";
			projectRoot = "";
			targets = (
				087F279019E2294F00A6698A /* FlexibleTableHeader */,
				087F27A919E2294F00A6698A /* FlexibleTableHeaderTests */,
			);
		};
/* End PBXProject section */

/* Begin PBXResourcesBuildPhase section */
		087F278F19E2294F00A6698A /* Resources */ = {
			isa = PBXResourcesBuildPhase;
			buildActionMask = 2147483647;
			files = (
				087F27A019E2294F00A6698A /* Main.storyboard in Resources */,
				087F27A519E2294F00A6698A /* LaunchScreen.xib in Resources */,
				087F27A219E2294F00A6698A /* Images.xcassets in Resources */,
			);
			runOnlyForDeploymentPostprocessing = 0;
		};
		087F27A819E2294F00A6698A /* Resources */ = {
			isa = PBXResourcesBuildPhase;
			buildActionMask = 2147483647;
			files = (
			);
			runOnlyForDeploymentPostprocessing = 0;
		};
/* End PBXResourcesBuildPhase section */

/* Begin PBXSourcesBuildPhase section */
		087F278D19E2294F00A6698A /* Sources */ = {
			isa = PBXSourcesBuildPhase;
			buildActionMask = 2147483647;
			files = (
				0892616A19EB8C2E0019BBA1 /* TableLabelWrappingView.m in Sources */,
				087F279D19E2294F00A6698A /* TableHeaderViewController.m in Sources */,
				087F279A19E2294F00A6698A /* AppDelegate.m in Sources */,
				087F279719E2294F00A6698A /* main.m in Sources */,
				0892615E19EA087C0019BBA1 /* FirstPageViewController.m in Sources */,
				0892616119EB2E600019BBA1 /* LabelWrappingSuperView.m in Sources */,
			);
			runOnlyForDeploymentPostprocessing = 0;
		};
		087F27A619E2294F00A6698A /* Sources */ = {
			isa = PBXSourcesBuildPhase;
			buildActionMask = 2147483647;
			files = (
				087F27B119E2294F00A6698A /* FlexibleTableHeaderTests.m in Sources */,
			);
			runOnlyForDeploymentPostprocessing = 0;
		};
/* End PBXSourcesBuildPhase section */

/* Begin PBXTargetDependency section */
		087F27AC19E2294F00A6698A /* PBXTargetDependency */ = {
			isa = PBXTargetDependency;
			target = 087F279019E2294F00A6698A /* FlexibleTableHeader */;
			targetProxy = 087F27AB19E2294F00A6698A /* PBXContainerItemProxy */;
		};
/* End PBXTargetDependency section */

/* Begin PBXVariantGroup section */
		087F279E19E2294F00A6698A /* Main.storyboard */ = {
			isa = PBXVariantGroup;
			children = (
				087F279F19E2294F00A6698A /* Base */,
			);
			name = Main.storyboard;
			sourceTree = "<group>";
		};
		087F27A319E2294F00A6698A /* LaunchScreen.xib */ = {
			isa = PBXVariantGroup;
			children = (
				087F27A419E2294F00A6698A /* Base */,
			);
			name = LaunchScreen.xib;
			sourceTree = "<group>";
		};
/* End PBXVariantGroup section */

/* Begin XCBuildConfiguration section */
		087F27B219E2294F00A6698A /* Debug */ = {
			isa = XCBuildConfiguration;
			buildSettings = {
				ALWAYS_SEARCH_USER_PATHS = NO;
				CLANG_CXX_LANGUAGE_STANDARD = "gnu++0x";
				CLANG_CXX_LIBRARY = "libc++";
				CLANG_ENABLE_MODULES = YES;
				CLANG_ENABLE_OBJC_ARC = YES;
				CLANG_WARN_BOOL_CONVERSION = YES;
				CLANG_WARN_CONSTANT_CONVERSION = YES;
				CLANG_WARN_DIRECT_OBJC_ISA_USAGE = YES_ERROR;
				CLANG_WARN_EMPTY_BODY = YES;
				CLANG_WARN_ENUM_CONVERSION = YES;
				CLANG_WARN_INT_CONVERSION = YES;
				CLANG_WARN_OBJC_ROOT_CLASS = YES_ERROR;
				CLANG_WARN_UNREACHABLE_CODE = YES;
				CLANG_WARN__DUPLICATE_METHOD_MATCH = YES;
				"CODE_SIGN_IDENTITY[sdk=iphoneos*]" = "iPhone Developer";
				COPY_PHASE_STRIP = NO;
				ENABLE_STRICT_OBJC_MSGSEND = YES;
				GCC_C_LANGUAGE_STANDARD = gnu99;
				GCC_DYNAMIC_NO_PIC = NO;
				GCC_OPTIMIZATION_LEVEL = 0;
				GCC_PREPROCESSOR_DEFINITIONS = (
					"DEBUG=1",
					"$(inherited)",
				);
				GCC_SYMBOLS_PRIVATE_EXTERN = NO;
				GCC_WARN_64_TO_32_BIT_CONVERSION = YES;
				GCC_WARN_ABOUT_RETURN_TYPE = YES_ERROR;
				GCC_WARN_UNDECLARED_SELECTOR = YES;
				GCC_WARN_UNINITIALIZED_AUTOS = YES_AGGRESSIVE;
				GCC_WARN_UNUSED_FUNCTION = YES;
				GCC_WARN_UNUSED_VARIABLE = YES;
				IPHONEOS_DEPLOYMENT_TARGET = 8.0;
				MTL_ENABLE_DEBUG_INFO = YES;
				ONLY_ACTIVE_ARCH = YES;
				SDKROOT = iphoneos;
				TARGETED_DEVICE_FAMILY = "1,2";
			};
			name = Debug;
		};
		087F27B319E2294F00A6698A /* Release */ = {
			isa = XCBuildConfiguration;
			buildSettings = {
				ALWAYS_SEARCH_USER_PATHS = NO;
				CLANG_CXX_LANGUAGE_STANDARD = "gnu++0x";
				CLANG_CXX_LIBRARY = "libc++";
				CLANG_ENABLE_MODULES = YES;
				CLANG_ENABLE_OBJC_ARC = YES;
				CLANG_WARN_BOOL_CONVERSION = YES;
				CLANG_WARN_CONSTANT_CONVERSION = YES;
				CLANG_WARN_DIRECT_OBJC_ISA_USAGE = YES_ERROR;
				CLANG_WARN_EMPTY_BODY = YES;
				CLANG_WARN_ENUM_CONVERSION = YES;
				CLANG_WARN_INT_CONVERSION = YES;
				CLANG_WARN_OBJC_ROOT_CLASS = YES_ERROR;
				CLANG_WARN_UNREACHABLE_CODE = YES;
				CLANG_WARN__DUPLICATE_METHOD_MATCH = YES;
				"CODE_SIGN_IDENTITY[sdk=iphoneos*]" = "iPhone Developer";
				COPY_PHASE_STRIP = YES;
				ENABLE_NS_ASSERTIONS = NO;
				ENABLE_STRICT_OBJC_MSGSEND = YES;
				GCC_C_LANGUAGE_STANDARD = gnu99;
				GCC_WARN_64_TO_32_BIT_CONVERSION = YES;
				GCC_WARN_ABOUT_RETURN_TYPE = YES_ERROR;
				GCC_WARN_UNDECLARED_SELECTOR = YES;
				GCC_WARN_UNINITIALIZED_AUTOS = YES_AGGRESSIVE;
				GCC_WARN_UNUSED_FUNCTION = YES;
				GCC_WARN_UNUSED_VARIABLE = YES;
				IPHONEOS_DEPLOYMENT_TARGET = 8.0;
				MTL_ENABLE_DEBUG_INFO = NO;
				SDKROOT = iphoneos;
				TARGETED_DEVICE_FAMILY = "1,2";
				VALIDATE_PRODUCT = YES;
			};
			name = Release;
		};
		087F27B519E2294F00A6698A /* Debug */ = {
			isa = XCBuildConfiguration;
			buildSettings = {
				ASSETCATALOG_COMPILER_APPICON_NAME = AppIcon;
				INFOPLIST_FILE = FlexibleTableHeader/Info.plist;
				LD_RUNPATH_SEARCH_PATHS = "$(inherited) @executable_path/Frameworks";
				PRODUCT_NAME = "$(TARGET_NAME)";
			};
			name = Debug;
		};
		087F27B619E2294F00A6698A /* Release */ = {
			isa = XCBuildConfiguration;
			buildSettings = {
				ASSETCATALOG_COMPILER_APPICON_NAME = AppIcon;
				INFOPLIST_FILE = FlexibleTableHeader/Info.plist;
				LD_RUNPATH_SEARCH_PATHS = "$(inherited) @executable_path/Frameworks";
				PRODUCT_NAME = "$(TARGET_NAME)";
			};
			name = Release;
		};
		087F27B819E2294F00A6698A /* Debug */ = {
			isa = XCBuildConfiguration;
			buildSettings = {
				BUNDLE_LOADER = "$(TEST_HOST)";
				FRAMEWORK_SEARCH_PATHS = (
					"$(SDKROOT)/Developer/Library/Frameworks",
					"$(inherited)",
				);
				GCC_PREPROCESSOR_DEFINITIONS = (
					"DEBUG=1",
					"$(inherited)",
				);
				INFOPLIST_FILE = FlexibleTableHeaderTests/Info.plist;
				LD_RUNPATH_SEARCH_PATHS = "$(inherited) @executable_path/Frameworks @loader_path/Frameworks";
				PRODUCT_NAME = "$(TARGET_NAME)";
				TEST_HOST = "$(BUILT_PRODUCTS_DIR)/FlexibleTableHeader.app/FlexibleTableHeader";
			};
			name = Debug;
		};
		087F27B919E2294F00A6698A /* Release */ = {
			isa = XCBuildConfiguration;
			buildSettings = {
				BUNDLE_LOADER = "$(TEST_HOST)";
				FRAMEWORK_SEARCH_PATHS = (
					"$(SDKROOT)/Developer/Library/Frameworks",
					"$(inherited)",
				);
				INFOPLIST_FILE = FlexibleTableHeaderTests/Info.plist;
				LD_RUNPATH_SEARCH_PATHS = "$(inherited) @executable_path/Frameworks @loader_path/Frameworks";
				PRODUCT_NAME = "$(TARGET_NAME)";
				TEST_HOST = "$(BUILT_PRODUCTS_DIR)/FlexibleTableHeader.app/FlexibleTableHeader";
			};
			name = Release;
		};
/* End XCBuildConfiguration section */

/* Begin XCConfigurationList section */
		087F278C19E2294F00A6698A /* Build configuration list for PBXProject "FlexibleTableHeader" */ = {
			isa = XCConfigurationList;
			buildConfigurations = (
				087F27B219E2294F00A6698A /* Debug */,
				087F27B319E2294F00A6698A /* Release */,
			);
			defaultConfigurationIsVisible = 0;
			defaultConfigurationName = Release;
		};
		087F27B419E2294F00A6698A /* Build configuration list for PBXNativeTarget "FlexibleTableHeader" */ = {
			isa = XCConfigurationList;
			buildConfigurations = (
				087F27B519E2294F00A6698A /* Debug */,
				087F27B619E2294F00A6698A /* Release */,
			);
			defaultConfigurationIsVisible = 0;
			defaultConfigurationName = Release;
		};
		087F27B719E2294F00A6698A /* Build configuration list for PBXNativeTarget "FlexibleTableHeaderTests" */ = {
			isa = XCConfigurationList;
			buildConfigurations = (
				087F27B819E2294F00A6698A /* Debug */,
				087F27B919E2294F00A6698A /* Release */,
			);
			defaultConfigurationIsVisible = 0;
			defaultConfigurationName = Release;
		};
/* End XCConfigurationList section */
	};
	rootObject = 087F278919E2294F00A6698A /* Project object */;
}
